
Microsoft Visual Studio Solution File, Format Version 12.00
# Visual Studio Version 17
VisualStudioVersion = 17.8.34309.116
MinimumVisualStudioVersion = 10.0.40219.1
Project("{2150E333-8FDC-42A3-9474-1A3956D46DE8}") = "src", "src", "{827E0CD3-B72D-47B6-A68D-7590B98EB39B}"
EndProject
Project("{2150E333-8FDC-42A3-9474-1A3956D46DE8}") = "tests", "tests", "{0AB3BF05-4346-4AA6-1389-037BE0695223}"
EndProject
Project("{FAE04EC0-301F-11D3-BF4B-00C04F79EFBC}") = "Cards.Domain", "src\Cards.Domain\Cards.Domain.csproj", "{C32793B6-86F6-4693-A994-C2F754A8B59C}"
EndProject
Project("{FAE04EC0-301F-11D3-BF4B-00C04F79EFBC}") = "Cards.Application", "src\Cards.Application\Cards.Application.csproj", "{E618B07F-0510-4BE7-BC72-618EFBE950BA}"
EndProject
Project("{FAE04EC0-301F-11D3-BF4B-00C04F79EFBC}") = "Cards.Infrastructure", "src\Cards.Infrastructure\Cards.Infrastructure.csproj", "{3474C317-A2E8-4EB8-908F-B79AC25E430E}"
EndProject
Project("{FAE04EC0-301F-11D3-BF4B-00C04F79EFBC}") = "Cards.Api", "src\Cards.Api\Cards.Api.csproj", "{0BEBB979-5422-4E7D-973D-523AE879843E}"
EndProject
Project("{FAE04EC0-301F-11D3-BF4B-00C04F79EFBC}") = "Cards.Application.Tests", "tests\Cards.Application.Tests\Cards.Application.Tests.csproj", "{462F44CD-C337-40DE-A46D-3B4F990578A5}"
EndProject
Global
	GlobalSection(SolutionConfigurationPlatforms) = preSolution
		Debug|Any CPU = Debug|Any CPU
		Debug|x64 = Debug|x64
		Debug|x86 = Debug|x86
		Release|Any CPU = Release|Any CPU
		Release|x64 = Release|x64
		Release|x86 = Release|x86
	EndGlobalSection
	GlobalSection(ProjectConfigurationPlatforms) = postSolution
		{C32793B6-86F6-4693-A994-C2F754A8B59C}.Debug|Any CPU.ActiveCfg = Debug|Any CPU
		{C32793B6-86F6-4693-A994-C2F754A8B59C}.Debug|Any CPU.Build.0 = Debug|Any CPU
		{C32793B6-86F6-4693-A994-C2F754A8B59C}.Debug|x64.ActiveCfg = Debug|Any CPU
		{C32793B6-86F6-4693-A994-C2F754A8B59C}.Debug|x64.Build.0 = Debug|Any CPU
		{C32793B6-86F6-4693-A994-C2F754A8B59C}.Debug|x86.ActiveCfg = Debug|Any CPU
		{C32793B6-86F6-4693-A994-C2F754A8B59C}.Debug|x86.Build.0 = Debug|Any CPU
		{C32793B6-86F6-4693-A994-C2F754A8B59C}.Release|Any CPU.ActiveCfg = Release|Any CPU
		{C32793B6-86F6-4693-A994-C2F754A8B59C}.Release|Any CPU.Build.0 = Release|Any CPU
		{C32793B6-86F6-4693-A994-C2F754A8B59C}.Release|x64.ActiveCfg = Release|Any CPU
		{C32793B6-86F6-4693-A994-C2F754A8B59C}.Release|x64.Build.0 = Release|Any CPU
		{C32793B6-86F6-4693-A994-C2F754A8B59C}.Release|x86.ActiveCfg = Release|Any CPU
		{C32793B6-86F6-4693-A994-C2F754A8B59C}.Release|x86.Build.0 = Release|Any CPU
		{E618B07F-0510-4BE7-BC72-618EFBE950BA}.Debug|Any CPU.ActiveCfg = Debug|Any CPU
		{E618B07F-0510-4BE7-BC72-618EFBE950BA}.Debug|Any CPU.Build.0 = Debug|Any CPU
		{E618B07F-0510-4BE7-BC72-618EFBE950BA}.Debug|x64.ActiveCfg = Debug|Any CPU
		{E618B07F-0510-4BE7-BC72-618EFBE950BA}.Debug|x64.Build.0 = Debug|Any CPU
		{E618B07F-0510-4BE7-BC72-618EFBE950BA}.Debug|x86.ActiveCfg = Debug|Any CPU
		{E618B07F-0510-4BE7-BC72-618EFBE950BA}.Debug|x86.Build.0 = Debug|Any CPU
		{E618B07F-0510-4BE7-BC72-618EFBE950BA}.Release|Any CPU.ActiveCfg = Release|Any CPU
		{E618B07F-0510-4BE7-BC72-618EFBE950BA}.Release|Any CPU.Build.0 = Release|Any CPU
		{E618B07F-0510-4BE7-BC72-618EFBE950BA}.Release|x64.ActiveCfg = Release|Any CPU
		{E618B07F-0510-4BE7-BC72-618EFBE950BA}.Release|x64.Build.0 = Release|Any CPU
		{E618B07F-0510-4BE7-BC72-618EFBE950BA}.Release|x86.ActiveCfg = Release|Any CPU
		{E618B07F-0510-4BE7-BC72-618EFBE950BA}.Release|x86.Build.0 = Release|Any CPU
		{3474C317-A2E8-4EB8-908F-B79AC25E430E}.Debug|Any CPU.ActiveCfg = Debug|Any CPU
		{3474C317-A2E8-4EB8-908F-B79AC25E430E}.Debug|Any CPU.Build.0 = Debug|Any CPU
		{3474C317-A2E8-4EB8-908F-B79AC25E430E}.Debug|x64.ActiveCfg = Debug|Any CPU
		{3474C317-A2E8-4EB8-908F-B79AC25E430E}.Debug|x64.Build.0 = Debug|Any CPU
		{3474C317-A2E8-4EB8-908F-B79AC25E430E}.Debug|x86.ActiveCfg = Debug|Any CPU
		{3474C317-A2E8-4EB8-908F-B79AC25E430E}.Debug|x86.Build.0 = Debug|Any CPU
		{3474C317-A2E8-4EB8-908F-B79AC25E430E}.Release|Any CPU.ActiveCfg = Release|Any CPU
		{3474C317-A2E8-4EB8-908F-B79AC25E430E}.Release|Any CPU.Build.0 = Release|Any CPU
		{3474C317-A2E8-4EB8-908F-B79AC25E430E}.Release|x64.ActiveCfg = Release|Any CPU
		{3474C317-A2E8-4EB8-908F-B79AC25E430E}.Release|x64.Build.0 = Release|Any CPU
		{3474C317-A2E8-4EB8-908F-B79AC25E430E}.Release|x86.ActiveCfg = Release|Any CPU
		{3474C317-A2E8-4EB8-908F-B79AC25E430E}.Release|x86.Build.0 = Release|Any CPU
		{0BEBB979-5422-4E7D-973D-523AE879843E}.Debug|Any CPU.ActiveCfg = Debug|Any CPU
		{0BEBB979-5422-4E7D-973D-523AE879843E}.Debug|Any CPU.Build.0 = Debug|Any CPU
		{0BEBB979-5422-4E7D-973D-523AE879843E}.Debug|x64.ActiveCfg = Debug|Any CPU
		{0BEBB979-5422-4E7D-973D-523AE879843E}.Debug|x64.Build.0 = Debug|Any CPU
		{0BEBB979-5422-4E7D-973D-523AE879843E}.Debug|x86.ActiveCfg = Debug|Any CPU
		{0BEBB979-5422-4E7D-973D-523AE879843E}.Debug|x86.Build.0 = Debug|Any CPU
		{0BEBB979-5422-4E7D-973D-523AE879843E}.Release|Any CPU.ActiveCfg = Release|Any CPU
		{0BEBB979-5422-4E7D-973D-523AE879843E}.Release|Any CPU.Build.0 = Release|Any CPU
		{0BEBB979-5422-4E7D-973D-523AE879843E}.Release|x64.ActiveCfg = Release|Any CPU
		{0BEBB979-5422-4E7D-973D-523AE879843E}.Release|x64.Build.0 = Release|Any CPU
		{0BEBB979-5422-4E7D-973D-523AE879843E}.Release|x86.ActiveCfg = Release|Any CPU
		{0BEBB979-5422-4E7D-973D-523AE879843E}.Release|x86.Build.0 = Release|Any CPU
		{462F44CD-C337-40DE-A46D-3B4F990578A5}.Debug|Any CPU.ActiveCfg = Debug|Any CPU
		{462F44CD-C337-40DE-A46D-3B4F990578A5}.Debug|Any CPU.Build.0 = Debug|Any CPU
		{462F44CD-C337-40DE-A46D-3B4F990578A5}.Debug|x64.ActiveCfg = Debug|Any CPU
		{462F44CD-C337-40DE-A46D-3B4F990578A5}.Debug|x64.Build.0 = Debug|Any CPU
		{462F44CD-C337-40DE-A46D-3B4F990578A5}.Debug|x86.ActiveCfg = Debug|Any CPU
		{462F44CD-C337-40DE-A46D-3B4F990578A5}.Debug|x86.Build.0 = Debug|Any CPU
		{462F44CD-C337-40DE-A46D-3B4F990578A5}.Release|Any CPU.ActiveCfg = Release|Any CPU
		{462F44CD-C337-40DE-A46D-3B4F990578A5}.Release|Any CPU.Build.0 = Release|Any CPU
		{462F44CD-C337-40DE-A46D-3B4F990578A5}.Release|x64.ActiveCfg = Release|Any CPU
		{462F44CD-C337-40DE-A46D-3B4F990578A5}.Release|x64.Build.0 = Release|Any CPU
		{462F44CD-C337-40DE-A46D-3B4F990578A5}.Release|x86.ActiveCfg = Release|Any CPU
		{462F44CD-C337-40DE-A46D-3B4F990578A5}.Release|x86.Build.0 = Release|Any CPU
	EndGlobalSection
	GlobalSection(SolutionProperties) = preSolution
		HideSolutionNode = FALSE
	EndGlobalSection
	GlobalSection(NestedProjects) = preSolution
		{C32793B6-86F6-4693-A994-C2F754A8B59C} = {827E0CD3-B72D-47B6-A68D-7590B98EB39B}
		{E618B07F-0510-4BE7-BC72-618EFBE950BA} = {827E0CD3-B72D-47B6-A68D-7590B98EB39B}
		{3474C317-A2E8-4EB8-908F-B79AC25E430E} = {827E0CD3-B72D-47B6-A68D-7590B98EB39B}
		{0BEBB979-5422-4E7D-973D-523AE879843E} = {827E0CD3-B72D-47B6-A68D-7590B98EB39B}
		{462F44CD-C337-40DE-A46D-3B4F990578A5} = {0AB3BF05-4346-4AA6-1389-037BE0695223}
	EndGlobalSection
EndGlobal
